
Microsoft Visual Studio Solution File, Format Version 12.00
# Visual Studio Version 17
VisualStudioVersion = 17.5.001.0
MinimumVisualStudioVersion = 10.0.40219.1
Project("{9A19103F-16F7-4668-BE54-9A1E7A4F7556}") = "server", "server\server.csproj", "{1973B9E8-A315-4B66-ABBE-CCF565634D10}"
EndProject
Project("{9A19103F-16F7-4668-BE54-9A1E7A4F7556}") = "client", "client\client.csproj", "{86F8E4A4-0D04-48DF-957A-7FE2E784C3D1}"
EndProject
Global
	GlobalSection(SolutionConfigurationPlatforms) = preSolution
		Debug|Any CPU = Debug|Any CPU
		Release|Any CPU = Release|Any CPU
	EndGlobalSection
	GlobalSection(ProjectConfigurationPlatforms) = postSolution
		{1973B9E8-A315-4B66-ABBE-CCF565634D10}.Debug|Any CPU.ActiveCfg = Debug|Any CPU
		{1973B9E8-A315-4B66-ABBE-CCF565634D10}.Debug|Any CPU.Build.0 = Debug|Any CPU
		{1973B9E8-A315-4B66-ABBE-CCF565634D10}.Release|Any CPU.ActiveCfg = Release|Any CPU
		{1973B9E8-A315-4B66-ABBE-CCF565634D10}.Release|Any CPU.Build.0 = Release|Any CPU
		{86F8E4A4-0D04-48DF-957A-7FE2E784C3D1}.Debug|Any CPU.ActiveCfg = Debug|Any CPU
		{86F8E4A4-0D04-48DF-957A-7FE2E784C3D1}.Debug|Any CPU.Build.0 = Debug|Any CPU
		{86F8E4A4-0D04-48DF-957A-7FE2E784C3D1}.Release|Any CPU.ActiveCfg = Release|Any CPU
		{86F8E4A4-0D04-48DF-957A-7FE2E784C3D1}.Release|Any CPU.Build.0 = Release|Any CPU
	EndGlobalSection
	GlobalSection(SolutionProperties) = preSolution
		HideSolutionNode = FALSE
	EndGlobalSection
	GlobalSection(ExtensibilityGlobals) = postSolution
		SolutionGuid = {9FAC7AAE-789B-4565-B827-5A814E98720B}
	EndGlobalSection
EndGlobal
